%{
  "excoveralls": {:hex, :excoveralls, "0.17.1", "83fa7906ef23aa7fc8ad7ee469c357a63b1b3d55dd701ff5b9ce1f72442b2874", [:mix], [{:castore, "~> 1.0", [hex: :castore, repo: "hexpm", optional: true]}, {:jason, "~> 1.0", [hex: :jason, repo: "hexpm", optional: false]}], "hexpm", "95bc6fda953e84c60f14da4a198880336205464e75383ec0f570180567985ae0"},
  "extractly": {:hex, :extractly, "0.5.4", "22ff3a624d814227ba842a2b59a38b1298df5531dbd4772dcbe9b97e05627145", [:mix], [], "hexpm", "612e16920317b2fb963b2da013019a614ba12b928d535a053a1efb21ddaa6268"},
  "jason": {:hex, :jason, "1.4.1", "af1504e35f629ddcdd6addb3513c3853991f694921b1b9368b0bd32beb9f1b63", [:mix], [{:decimal, "~> 1.0 or ~> 2.0", [hex: :decimal, repo: "hexpm", optional: true]}], "hexpm", "fbb01ecdfd565b56261302f7e1fcc27c4fb8f32d56eab74db621fc154604a7a1"},
  "minipeg": {:hex, :minipeg, "0.3.1", "769acf8701775c19cf22f51fcc9235b1f1ab3426a228b7dc277c9f0e7836f8c1", [:mix], [], "hexpm", "505bb5f1e68d8a3c10f1ff874df79729fe4279469c3af8de0406ea0ac6b1974d"},
}
